
Microsoft Visual Studio Solution File, Format Version 12.00
# Visual Studio Version 17
VisualStudioVersion = 17.4.33122.133
MinimumVisualStudioVersion = 10.0.40219.1
Project("{FAE04EC0-301F-11D3-BF4B-00C04F79EFBC}") = "LogTest", "LogTest\LogTest.csproj", "{439C762A-43B8-4221-9F99-5C288C87FCE5}"
EndProject
Global
	GlobalSection(SolutionConfigurationPlatforms) = preSolution
		Debug|Any CPU = Debug|Any CPU
		Release|Any CPU = Release|Any CPU
	EndGlobalSection
	GlobalSection(ProjectConfigurationPlatforms) = postSolution
		{439C762A-43B8-4221-9F99-5C288C87FCE5}.Debug|Any CPU.ActiveCfg = Debug|Any CPU
		{439C762A-43B8-4221-9F99-5C288C87FCE5}.Debug|Any CPU.Build.0 = Debug|Any CPU
		{439C762A-43B8-4221-9F99-5C288C87FCE5}.Release|Any CPU.ActiveCfg = Release|Any CPU
		{439C762A-43B8-4221-9F99-5C288C87FCE5}.Release|Any CPU.Build.0 = Release|Any CPU
	EndGlobalSection
	GlobalSection(SolutionProperties) = preSolution
		HideSolutionNode = FALSE
	EndGlobalSection
	GlobalSection(ExtensibilityGlobals) = postSolution
		SolutionGuid = {CEFCED98-AA43-43CC-B1E3-23A104F964F0}
	EndGlobalSection
EndGlobal
